
Microsoft Visual Studio Solution File, Format Version 12.00
# Visual Studio Version 16
VisualStudioVersion = 16.0.31409.214
MinimumVisualStudioVersion = 10.0.40219.1
Project("{FAE04EC0-301F-11D3-BF4B-00C04F79EFBC}") = "PersonalWebsite", "PersonalWebsite\PersonalWebsite.csproj", "{5438749F-06F9-4AA9-8FC0-438CE67345EE}"
EndProject
Global
	GlobalSection(SolutionConfigurationPlatforms) = preSolution
		Debug|Any CPU = Debug|Any CPU
		Release|Any CPU = Release|Any CPU
	EndGlobalSection
	GlobalSection(ProjectConfigurationPlatforms) = postSolution
		{5438749F-06F9-4AA9-8FC0-438CE67345EE}.Debug|Any CPU.ActiveCfg = Debug|Any CPU
		{5438749F-06F9-4AA9-8FC0-438CE67345EE}.Debug|Any CPU.Build.0 = Debug|Any CPU
		{5438749F-06F9-4AA9-8FC0-438CE67345EE}.Release|Any CPU.ActiveCfg = Release|Any CPU
		{5438749F-06F9-4AA9-8FC0-438CE67345EE}.Release|Any CPU.Build.0 = Release|Any CPU
	EndGlobalSection
	GlobalSection(SolutionProperties) = preSolution
		HideSolutionNode = FALSE
	EndGlobalSection
	GlobalSection(ExtensibilityGlobals) = postSolution
		SolutionGuid = {C97B41F5-7FB0-409F-A0EC-0F793A86A0A7}
	EndGlobalSection
EndGlobal
